// !$*UTF8*$!
{
	archiveVersion = 1;
	classes = {
	};
	objectVersion = 50;
	objects = {

/* Begin PBXBuildFile section */
		C0AFCBEE227111CA003AF7E0 /* AppDelegate.swift in Sources */ = {isa = PBXBuildFile; fileRef = C0AFCBED227111CA003AF7E0 /* AppDelegate.swift */; };
		C0AFCBF0227111CA003AF7E0 /* ViewController.swift in Sources */ = {isa = PBXBuildFile; fileRef = C0AFCBEF227111CA003AF7E0 /* ViewController.swift */; };
		C0AFCBF3227111CA003AF7E0 /* Main.storyboard in Resources */ = {isa = PBXBuildFile; fileRef = C0AFCBF1227111CA003AF7E0 /* Main.storyboard */; };
		C0AFCBF5227111CF003AF7E0 /* Assets.xcassets in Resources */ = {isa = PBXBuildFile; fileRef = C0AFCBF4227111CF003AF7E0 /* Assets.xcassets */; };
		C0AFCBF8227111CF003AF7E0 /* LaunchScreen.storyboard in Resources */ = {isa = PBXBuildFile; fileRef = C0AFCBF6227111CF003AF7E0 /* LaunchScreen.storyboard */; };
/* End PBXBuildFile section */

/* Begin PBXFileReference section */
		C0AFCBEA227111CA003AF7E0 /* puzzle4x4.app */ = {isa = PBXFileReference; explicitFileType = wrapper.application; includeInIndex = 0; path = puzzle4x4.app; sourceTree = BUILT_PRODUCTS_DIR; };
		C0AFCBED227111CA003AF7E0 /* AppDelegate.swift */ = {isa = PBXFileReference; lastKnownFileType = sourcecode.swift; path = AppDelegate.swift; sourceTree = "<group>"; };
		C0AFCBEF227111CA003AF7E0 /* ViewController.swift */ = {isa = PBXFileReference; lastKnownFileType = sourcecode.swift; path = ViewController.swift; sourceTree = "<group>"; };
		C0AFCBF2227111CA003AF7E0 /* Base */ = {isa = PBXFileReference; lastKnownFileType = file.storyboard; name = Base; path = Base.lproj/Main.storyboard; sourceTree = "<group>"; };
		C0AFCBF4227111CF003AF7E0 /* Assets.xcassets */ = {isa = PBXFileReference; lastKnownFileType = folder.assetcatalog; path = Assets.xcassets; sourceTree = "<group>"; };
		C0AFCBF7227111CF003AF7E0 /* Base */ = {isa = PBXFileReference; lastKnownFileType = file.storyboard; name = Base; path = Base.lproj/LaunchScreen.storyboard; sourceTree = "<group>"; };
		C0AFCBF9227111CF003AF7E0 /* Info.plist */ = {isa = PBXFileReference; lastKnownFileType = text.plist.xml; path = Info.plist; sourceTree = "<group>"; };
/* End PBXFileReference section */

/* Begin PBXFrameworksBuildPhase section */
		C0AFCBE7227111CA003AF7E0 /* Frameworks */ = {
			isa = PBXFrameworksBuildPhase;
			buildActionMask = 2147483647;
			files = (
			);
			runOnlyForDeploymentPostprocessing = 0;
		};
/* End PBXFrameworksBuildPhase section */

/* Begin PBXGroup section */
		C0AFCBE1227111C9003AF7E0 = {
			isa = PBXGroup;
			children = (
				C0AFCBEC227111CA003AF7E0 /* puzzle4x4 */,
				C0AFCBEB227111CA003AF7E0 /* Products */,
			);
			sourceTree = "<group>";
		};
		C0AFCBEB227111CA003AF7E0 /* Products */ = {
			isa = PBXGroup;
			children = (
				C0AFCBEA227111CA003AF7E0 /* puzzle4x4.app */,
			);
			name = Products;
			sourceTree = "<group>";
		};
		C0AFCBEC227111CA003AF7E0 /* puzzle4x4 */ = {
			isa = PBXGroup;
			children = (
				C0AFCBED227111CA003AF7E0 /* AppDelegate.swift */,
				C0AFCBEF227111CA003AF7E0 /* ViewController.swift */,
				C0AFCBF1227111CA003AF7E0 /* Main.storyboard */,
				C0AFCBF4227111CF003AF7E0 /* Assets.xcassets */,
				C0AFCBF6227111CF003AF7E0 /* LaunchScreen.storyboard */,
				C0AFCBF9227111CF003AF7E0 /* Info.plist */,
			);
			path = puzzle4x4;
			sourceTree = "<group>";
		};
/* End PBXGroup section */

/* Begin PBXNativeTarget section */
		C0AFCBE9227111CA003AF7E0 /* puzzle4x4 */ = {
			isa = PBXNativeTarget;
			buildConfigurationList = C0AFCBFC227111CF003AF7E0 /* Build configuration list for PBXNativeTarget "puzzle4x4" */;
			buildPhases = (
				C0AFCBE6227111CA003AF7E0 /* Sources */,
				C0AFCBE7227111CA003AF7E0 /* Frameworks */,
				C0AFCBE8227111CA003AF7E0 /* Resources */,
			);
			buildRules = (
			);
			dependencies = (
			);
			name = puzzle4x4;
			productName = puzzle4x4;
			productReference = C0AFCBEA227111CA003AF7E0 /* puzzle4x4.app */;
			productType = "com.apple.product-type.application";
		};
/* End PBXNativeTarget section */

/* Begin PBXProject section */
		C0AFCBE2227111CA003AF7E0 /* Project object */ = {
			isa = PBXProject;
			attributes = {
				LastSwiftUpdateCheck = 1020;
				LastUpgradeCheck = 1020;
				ORGANIZATIONNAME = "Alicia Cisneros";
				TargetAttributes = {
					C0AFCBE9227111CA003AF7E0 = {
						CreatedOnToolsVersion = 10.2.1;
					};
				};
			};
			buildConfigurationList = C0AFCBE5227111CA003AF7E0 /* Build configuration list for PBXProject "puzzle4x4" */;
			compatibilityVersion = "Xcode 9.3";
			developmentRegion = en;
			hasScannedForEncodings = 0;
			knownRegions = (
				en,
				Base,
			);
			mainGroup = C0AFCBE1227111C9003AF7E0;
			productRefGroup = C0AFCBEB227111CA003AF7E0 /* Products */;
			projectDirPath = "";
			projectRoot = "";
			targets = (
				C0AFCBE9227111CA003AF7E0 /* puzzle4x4 */,
			);
		};
/* End PBXProject section */

/* Begin PBXResourcesBuildPhase section */
		C0AFCBE8227111CA003AF7E0 /* Resources */ = {
			isa = PBXResourcesBuildPhase;
			buildActionMask = 2147483647;
			files = (
				C0AFCBF8227111CF003AF7E0 /* LaunchScreen.storyboard in Resources */,
				C0AFCBF5227111CF003AF7E0 /* Assets.xcassets in Resources */,
				C0AFCBF3227111CA003AF7E0 /* Main.storyboard in Resources */,
			);
			runOnlyForDeploymentPostprocessing = 0;
		};
/* End PBXResourcesBuildPhase section */

/* Begin PBXSourcesBuildPhase section */
		C0AFCBE6227111CA003AF7E0 /* Sources */ = {
			isa = PBXSourcesBuildPhase;
			buildActionMask = 2147483647;
			files = (
				C0AFCBF0227111CA003AF7E0 /* ViewController.swift in Sources */,
				C0AFCBEE227111CA003AF7E0 /* AppDelegate.swift in Sources */,
			);
			runOnlyForDeploymentPostprocessing = 0;
		};
/* End PBXSourcesBuildPhase section */

/* Begin PBXVariantGroup section */
		C0AFCBF1227111CA003AF7E0 /* Main.storyboard */ = {
			isa = PBXVariantGroup;
			children = (
				C0AFCBF2227111CA003AF7E0 /* Base */,
			);
			name = Main.storyboard;
			sourceTree = "<group>";
		};
		C0AFCBF6227111CF003AF7E0 /* LaunchScreen.storyboard */ = {
			isa = PBXVariantGroup;
			children = (
				C0AFCBF7227111CF003AF7E0 /* Base */,
			);
			name = LaunchScreen.storyboard;
			sourceTree = "<group>";
		};
/* End PBXVariantGroup section */

/* Begin XCBuildConfiguration section */
		C0AFCBFA227111CF003AF7E0 /* Debug */ = {
			isa = XCBuildConfiguration;
			buildSettings = {
				ALWAYS_SEARCH_USER_PATHS = NO;
				CLANG_ANALYZER_NONNULL = YES;
				CLANG_ANALYZER_NUMBER_OBJECT_CONVERSION = YES_AGGRESSIVE;
				CLANG_CXX_LANGUAGE_STANDARD = "gnu++14";
				CLANG_CXX_LIBRARY = "libc++";
				CLANG_ENABLE_MODULES = YES;
				CLANG_ENABLE_OBJC_ARC = YES;
				CLANG_ENABLE_OBJC_WEAK = YES;
				CLANG_WARN_BLOCK_CAPTURE_AUTORELEASING = YES;
				CLANG_WARN_BOOL_CONVERSION = YES;
				CLANG_WARN_COMMA = YES;
				CLANG_WARN_CONSTANT_CONVERSION = YES;
				CLANG_WARN_DEPRECATED_OBJC_IMPLEMENTATIONS = YES;
				CLANG_WARN_DIRECT_OBJC_ISA_USAGE = YES_ERROR;
				CLANG_WARN_DOCUMENTATION_COMMENTS = YES;
				CLANG_WARN_EMPTY_BODY = YES;
				CLANG_WARN_ENUM_CONVERSION = YES;
				CLANG_WARN_INFINITE_RECURSION = YES;
				CLANG_WARN_INT_CONVERSION = YES;
				CLANG_WARN_NON_LITERAL_NULL_CONVERSION = YES;
				CLANG_WARN_OBJC_IMPLICIT_RETAIN_SELF = YES;
				CLANG_WARN_OBJC_LITERAL_CONVERSION = YES;
				CLANG_WARN_OBJC_ROOT_CLASS = YES_ERROR;
				CLANG_WARN_RANGE_LOOP_ANALYSIS = YES;
				CLANG_WARN_STRICT_PROTOTYPES = YES;
				CLANG_WARN_SUSPICIOUS_MOVE = YES;
				CLANG_WARN_UNGUARDED_AVAILABILITY = YES_AGGRESSIVE;
				CLANG_WARN_UNREACHABLE_CODE = YES;
				CLANG_WARN__DUPLICATE_METHOD_MATCH = YES;
				CODE_SIGN_IDENTITY = "iPhone Developer";
				COPY_PHASE_STRIP = NO;
				DEBUG_INFORMATION_FORMAT = dwarf;
				ENABLE_STRICT_OBJC_MSGSEND = YES;
				ENABLE_TESTABILITY = YES;
				GCC_C_LANGUAGE_STANDARD = gnu11;
				GCC_DYNAMIC_NO_PIC = NO;
				GCC_NO_COMMON_BLOCKS = YES;
				GCC_OPTIMIZATION_LEVEL = 0;
				GCC_PREPROCESSOR_DEFINITIONS = (
					"DEBUG=1",
					"$(inherited)",
				);
				GCC_WARN_64_TO_32_BIT_CONVERSION = YES;
				GCC_WARN_ABOUT_RETURN_TYPE = YES_ERROR;
				GCC_WARN_UNDECLARED_SELECTOR = YES;
				GCC_WARN_UNINITIALIZED_AUTOS = YES_AGGRESSIVE;
				GCC_WARN_UNUSED_FUNCTION = YES;
				GCC_WARN_UNUSED_VARIABLE = YES;
				IPHONEOS_DEPLOYMENT_TARGET = 12.2;
				MTL_ENABLE_DEBUG_INFO = INCLUDE_SOURCE;
				MTL_FAST_MATH = YES;
				ONLY_ACTIVE_ARCH = YES;
				SDKROOT = iphoneos;
				SWIFT_ACTIVE_COMPILATION_CONDITIONS = DEBUG;
				SWIFT_OPTIMIZATION_LEVEL = "-Onone";
			};
			name = Debug;
		};
		C0AFCBFB227111CF003AF7E0 /* Release */ = {
			isa = XCBuildConfiguration;
			buildSettings = {
				ALWAYS_SEARCH_USER_PATHS = NO;
				CLANG_ANALYZER_NONNULL = YES;
				CLANG_ANALYZER_NUMBER_OBJECT_CONVERSION = YES_AGGRESSIVE;
				CLANG_CXX_LANGUAGE_STANDARD = "gnu++14";
				CLANG_CXX_LIBRARY = "libc++";
				CLANG_ENABLE_MODULES = YES;
				CLANG_ENABLE_OBJC_ARC = YES;
				CLANG_ENABLE_OBJC_WEAK = YES;
				CLANG_WARN_BLOCK_CAPTURE_AUTORELEASING = YES;
				CLANG_WARN_BOOL_CONVERSION = YES;
				CLANG_WARN_COMMA = YES;
				CLANG_WARN_CONSTANT_CONVERSION = YES;
				CLANG_WARN_DEPRECATED_OBJC_IMPLEMENTATIONS = YES;
				CLANG_WARN_DIRECT_OBJC_ISA_USAGE = YES_ERROR;
				CLANG_WARN_DOCUMENTATION_COMMENTS = YES;
				CLANG_WARN_EMPTY_BODY = YES;
				CLANG_WARN_ENUM_CONVERSION = YES;
				CLANG_WARN_INFINITE_RECURSION = YES;
				CLANG_WARN_INT_CONVERSION = YES;
				CLANG_WARN_NON_LITERAL_NULL_CONVERSION = YES;
				CLANG_WARN_OBJC_IMPLICIT_RETAIN_SELF = YES;
				CLANG_WARN_OBJC_LITERAL_CONVERSION = YES;
				CLANG_WARN_OBJC_ROOT_CLASS = YES_ERROR;
				CLANG_WARN_RANGE_LOOP_ANALYSIS = YES;
				CLANG_WARN_STRICT_PROTOTYPES = YES;
				CLANG_WARN_SUSPICIOUS_MOVE = YES;
				CLANG_WARN_UNGUARDED_AVAILABILITY = YES_AGGRESSIVE;
				CLANG_WARN_UNREACHABLE_CODE = YES;
				CLANG_WARN__DUPLICATE_METHOD_MATCH = YES;
				CODE_SIGN_IDENTITY = "iPhone Developer";
				COPY_PHASE_STRIP = NO;
				DEBUG_INFORMATION_FORMAT = "dwarf-with-dsym";
				ENABLE_NS_ASSERTIONS = NO;
				ENABLE_STRICT_OBJC_MSGSEND = YES;
				GCC_C_LANGUAGE_STANDARD = gnu11;
				GCC_NO_COMMON_BLOCKS = YES;
				GCC_WARN_64_TO_32_BIT_CONVERSION = YES;
				GCC_WARN_ABOUT_RETURN_TYPE = YES_ERROR;
				GCC_WARN_UNDECLARED_SELECTOR = YES;
				GCC_WARN_UNINITIALIZED_AUTOS = YES_AGGRESSIVE;
				GCC_WARN_UNUSED_FUNCTION = YES;
				GCC_WARN_UNUSED_VARIABLE = YES;
				IPHONEOS_DEPLOYMENT_TARGET = 12.2;
				MTL_ENABLE_DEBUG_INFO = NO;
				MTL_FAST_MATH = YES;
				SDKROOT = iphoneos;
				SWIFT_COMPILATION_MODE = wholemodule;
				SWIFT_OPTIMIZATION_LEVEL = "-O";
				VALIDATE_PRODUCT = YES;
			};
			name = Release;
		};
		C0AFCBFD227111CF003AF7E0 /* Debug */ = {
			isa = XCBuildConfiguration;
			buildSettings = {
				ASSETCATALOG_COMPILER_APPICON_NAME = AppIcon;
				CODE_SIGN_STYLE = Automatic;
				DEVELOPMENT_TEAM = 77W6D4BLBJ;
				INFOPLIST_FILE = puzzle4x4/Info.plist;
				LD_RUNPATH_SEARCH_PATHS = (
					"$(inherited)",
					"@executable_path/Frameworks",
				);
				PRODUCT_BUNDLE_IDENTIFIER = "-AliciaCisneros.puzzle4x4";
				PRODUCT_NAME = "$(TARGET_NAME)";
				SWIFT_VERSION = 5.0;
				TARGETED_DEVICE_FAMILY = "1,2";
			};
			name = Debug;
		};
		C0AFCBFE227111CF003AF7E0 /* Release */ = {
			isa = XCBuildConfiguration;
			buildSettings = {
				ASSETCATALOG_COMPILER_APPICON_NAME = AppIcon;
				CODE_SIGN_STYLE = Automatic;
				DEVELOPMENT_TEAM = 77W6D4BLBJ;
				INFOPLIST_FILE = puzzle4x4/Info.plist;
				LD_RUNPATH_SEARCH_PATHS = (
					"$(inherited)",
					"@executable_path/Frameworks",
				);
				PRODUCT_BUNDLE_IDENTIFIER = "-AliciaCisneros.puzzle4x4";
				PRODUCT_NAME = "$(TARGET_NAME)";
				SWIFT_VERSION = 5.0;
				TARGETED_DEVICE_FAMILY = "1,2";
			};
			name = Release;
		};
/* End XCBuildConfiguration section */

/* Begin XCConfigurationList section */
		C0AFCBE5227111CA003AF7E0 /* Build configuration list for PBXProject "puzzle4x4" */ = {
			isa = XCConfigurationList;
			buildConfigurations = (
				C0AFCBFA227111CF003AF7E0 /* Debug */,
				C0AFCBFB227111CF003AF7E0 /* Release */,
			);
			defaultConfigurationIsVisible = 0;
			defaultConfigurationName = Release;
		};
		C0AFCBFC227111CF003AF7E0 /* Build configuration list for PBXNativeTarget "puzzle4x4" */ = {
			isa = XCConfigurationList;
			buildConfigurations = (
				C0AFCBFD227111CF003AF7E0 /* Debug */,
				C0AFCBFE227111CF003AF7E0 /* Release */,
			);
			defaultConfigurationIsVisible = 0;
			defaultConfigurationName = Release;
		};
/* End XCConfigurationList section */
	};
	rootObject = C0AFCBE2227111CA003AF7E0 /* Project object */;
}
